
Microsoft Visual Studio Solution File, Format Version 12.00
# Visual Studio Version 16
VisualStudioVersion = 16.0.32002.261
MinimumVisualStudioVersion = 10.0.40219.1
Project("{9A19103F-16F7-4668-BE54-9A1E7A4F7556}") = "BowlingLeagueProject", "BowlingLeagueProject\BowlingLeagueProject.csproj", "{724187C1-40EA-4A31-B320-200105155F8A}"
EndProject
Global
	GlobalSection(SolutionConfigurationPlatforms) = preSolution
		Debug|Any CPU = Debug|Any CPU
		Release|Any CPU = Release|Any CPU
	EndGlobalSection
	GlobalSection(ProjectConfigurationPlatforms) = postSolution
		{724187C1-40EA-4A31-B320-200105155F8A}.Debug|Any CPU.ActiveCfg = Debug|Any CPU
		{724187C1-40EA-4A31-B320-200105155F8A}.Debug|Any CPU.Build.0 = Debug|Any CPU
		{724187C1-40EA-4A31-B320-200105155F8A}.Release|Any CPU.ActiveCfg = Release|Any CPU
		{724187C1-40EA-4A31-B320-200105155F8A}.Release|Any CPU.Build.0 = Release|Any CPU
	EndGlobalSection
	GlobalSection(SolutionProperties) = preSolution
		HideSolutionNode = FALSE
	EndGlobalSection
	GlobalSection(ExtensibilityGlobals) = postSolution
		SolutionGuid = {FD6328BA-5C14-4F7B-A283-3C09D8F8565F}
	EndGlobalSection
EndGlobal
